
Microsoft Visual Studio Solution File, Format Version 12.00
# Visual Studio 15
VisualStudioVersion = 15.0.28010.2019
MinimumVisualStudioVersion = 10.0.40219.1
Project("{FAE04EC0-301F-11D3-BF4B-00C04F79EFBC}") = "The Gettysburg Address", "The Gettysburg Address\The Gettysburg Address.csproj", "{C44DF522-817B-425D-B5BF-35ED29BA5282}"
EndProject
Global
	GlobalSection(SolutionConfigurationPlatforms) = preSolution
		Debug|Any CPU = Debug|Any CPU
		Release|Any CPU = Release|Any CPU
	EndGlobalSection
	GlobalSection(ProjectConfigurationPlatforms) = postSolution
		{C44DF522-817B-425D-B5BF-35ED29BA5282}.Debug|Any CPU.ActiveCfg = Debug|Any CPU
		{C44DF522-817B-425D-B5BF-35ED29BA5282}.Debug|Any CPU.Build.0 = Debug|Any CPU
		{C44DF522-817B-425D-B5BF-35ED29BA5282}.Release|Any CPU.ActiveCfg = Release|Any CPU
		{C44DF522-817B-425D-B5BF-35ED29BA5282}.Release|Any CPU.Build.0 = Release|Any CPU
	EndGlobalSection
	GlobalSection(SolutionProperties) = preSolution
		HideSolutionNode = FALSE
	EndGlobalSection
	GlobalSection(ExtensibilityGlobals) = postSolution
		SolutionGuid = {92BC2E91-F991-4E8F-BD3A-3AEA01BBA8B9}
	EndGlobalSection
EndGlobal
